
Microsoft Visual Studio Solution File, Format Version 12.00
# Visual Studio Version 16
VisualStudioVersion = 16.0.29613.14
MinimumVisualStudioVersion = 10.0.40219.1
Project("{FAE04EC0-301F-11D3-BF4B-00C04F79EFBC}") = "EyeGaze", "WindowsFormsApp1\EyeGaze.csproj", "{1A62B53F-8A18-4697-ABBF-97DC1667DCAA}"
EndProject
Global
	GlobalSection(SolutionConfigurationPlatforms) = preSolution
		Debug|Any CPU = Debug|Any CPU
		Debug|x64 = Debug|x64
		Release|Any CPU = Release|Any CPU
		Release|x64 = Release|x64
	EndGlobalSection
	GlobalSection(ProjectConfigurationPlatforms) = postSolution
		{1A62B53F-8A18-4697-ABBF-97DC1667DCAA}.Debug|Any CPU.ActiveCfg = Debug|Any CPU
		{1A62B53F-8A18-4697-ABBF-97DC1667DCAA}.Debug|Any CPU.Build.0 = Debug|Any CPU
		{1A62B53F-8A18-4697-ABBF-97DC1667DCAA}.Debug|x64.ActiveCfg = Debug|x64
		{1A62B53F-8A18-4697-ABBF-97DC1667DCAA}.Debug|x64.Build.0 = Debug|x64
		{1A62B53F-8A18-4697-ABBF-97DC1667DCAA}.Release|Any CPU.ActiveCfg = Release|Any CPU
		{1A62B53F-8A18-4697-ABBF-97DC1667DCAA}.Release|Any CPU.Build.0 = Release|Any CPU
		{1A62B53F-8A18-4697-ABBF-97DC1667DCAA}.Release|x64.ActiveCfg = Release|x64
		{1A62B53F-8A18-4697-ABBF-97DC1667DCAA}.Release|x64.Build.0 = Release|x64
	EndGlobalSection
	GlobalSection(SolutionProperties) = preSolution
		HideSolutionNode = FALSE
	EndGlobalSection
	GlobalSection(ExtensibilityGlobals) = postSolution
		SolutionGuid = {CC3C34EB-A193-4EF1-AF9E-FB78ED5C65F9}
	EndGlobalSection
EndGlobal
